
Microsoft Visual Studio Solution File, Format Version 12.00
# Visual Studio Version 17
VisualStudioVersion = 17.0.32014.148
MinimumVisualStudioVersion = 10.0.40219.1
Project("{FAE04EC0-301F-11D3-BF4B-00C04F79EFBC}") = "dgee2_authapi", "dgee2_authapi\dgee2_authapi.csproj", "{5A6C575B-E1D2-49C5-A053-F2433A2D22D6}"
EndProject
Global
	GlobalSection(SolutionConfigurationPlatforms) = preSolution
		Debug|Any CPU = Debug|Any CPU
		Release|Any CPU = Release|Any CPU
	EndGlobalSection
	GlobalSection(ProjectConfigurationPlatforms) = postSolution
		{5A6C575B-E1D2-49C5-A053-F2433A2D22D6}.Debug|Any CPU.ActiveCfg = Debug|Any CPU
		{5A6C575B-E1D2-49C5-A053-F2433A2D22D6}.Debug|Any CPU.Build.0 = Debug|Any CPU
		{5A6C575B-E1D2-49C5-A053-F2433A2D22D6}.Release|Any CPU.ActiveCfg = Release|Any CPU
		{5A6C575B-E1D2-49C5-A053-F2433A2D22D6}.Release|Any CPU.Build.0 = Release|Any CPU
	EndGlobalSection
	GlobalSection(SolutionProperties) = preSolution
		HideSolutionNode = FALSE
	EndGlobalSection
	GlobalSection(ExtensibilityGlobals) = postSolution
		SolutionGuid = {84B24FBF-5F88-4BEE-B60E-61E411B23F4C}
	EndGlobalSection
EndGlobal
